{
  "name": "npm-study",
  "version": "1.0.0",
  "lockfileVersion": 2,
  "requires": true,
  "packages": {
    "": {
      "name": "npm-study",
      "version": "1.0.0",
      "license": "ISC",
      "dependencies": {
        "npm-test-demo-second": "^1.0.0"
      }
    },
    "node_modules/npm-test-demo-second": {
      "version": "1.0.0",
      "resolved": "https://registry.npmjs.org/npm-test-demo-second/-/npm-test-demo-second-1.0.0.tgz",
      "integrity": "sha512-zh0KNxXpU6uJvmU7gYFu9xvjrnYLNrY9t4WtBhAe0uPCmVRVLPK5ReXa6zcAF6BqZ1/Ax6Xz+e9coK7u+S/2QA=="
    }
  },
  "dependencies": {
    "npm-test-demo-second": {
      "version": "1.0.0",
      "resolved": "https://registry.npmjs.org/npm-test-demo-second/-/npm-test-demo-second-1.0.0.tgz",
      "integrity": "sha512-zh0KNxXpU6uJvmU7gYFu9xvjrnYLNrY9t4WtBhAe0uPCmVRVLPK5ReXa6zcAF6BqZ1/Ax6Xz+e9coK7u+S/2QA=="
    }
  }
}
