# THIS IS AN AUTOGENERATED FILE. DO NOT EDIT THIS FILE DIRECTLY.
# yarn lockfile v1


"npm-test-demo-first@^1.0.1":
  "integrity" "sha512-YQTShGbd36MiLpx8eLJX1Ve8XVaILyjwbq50dOVf9OCXqsxQ18qpAjhTnldazTo41dtvnEOc/HsWcKX83QCipA=="
  "resolved" "https://registry.npmjs.org/npm-test-demo-first/-/npm-test-demo-first-1.0.1.tgz"
  "version" "1.0.1"
  dependencies:
    "npm-test-demo-inner" "^1.0.1"

"npm-test-demo-inner@^1.0.1":
  "integrity" "sha512-Uf/c7qWA7ACyVVvLp1CtTYtwe6O9lNR+YgZKYyOiTLuktRbiXcLXge8fKW95pLqdOm7TRxXcHyce+fIKYUIslA=="
  "resolved" "https://registry.npmjs.org/npm-test-demo-inner/-/npm-test-demo-inner-1.0.1.tgz"
  "version" "1.0.1"

"npm-test-demo-second@^1.0.0":
  "integrity" "sha512-zh0KNxXpU6uJvmU7gYFu9xvjrnYLNrY9t4WtBhAe0uPCmVRVLPK5ReXa6zcAF6BqZ1/Ax6Xz+e9coK7u+S/2QA=="
  "resolved" "https://registry.npmjs.org/npm-test-demo-second/-/npm-test-demo-second-1.0.0.tgz"
  "version" "1.0.0"
